// !$*UTF8*$!
{
	archiveVersion = 1;
	classes = {
	};
	objectVersion = 56;
	objects = {

/* Begin PBXBuildFile section */
		D43918FB294214A9006FC895 /* CoreDataHelper.swift in Sources */ = {isa = PBXBuildFile; fileRef = D43918F8294214A9006FC895 /* CoreDataHelper.swift */; };
		D43918FC294214A9006FC895 /* Theme.swift in Sources */ = {isa = PBXBuildFile; fileRef = D43918F9294214A9006FC895 /* Theme.swift */; };
		D43918FD294214A9006FC895 /* DataHelper.json in Resources */ = {isa = PBXBuildFile; fileRef = D43918FA294214A9006FC895 /* DataHelper.json */; };
		D439190129424527006FC895 /* Activities.xcdatamodeld in Sources */ = {isa = PBXBuildFile; fileRef = D43918FF29424527006FC895 /* Activities.xcdatamodeld */; };
		D4391903294247E7006FC895 /* HomeScreenView.swift in Sources */ = {isa = PBXBuildFile; fileRef = D4391902294247E7006FC895 /* HomeScreenView.swift */; };
		D43919052944079B006FC895 /* ActivityListViewModel.swift in Sources */ = {isa = PBXBuildFile; fileRef = D43919042944079B006FC895 /* ActivityListViewModel.swift */; };
		EE767F95292FAA9D00AFE6C0 /* MakeItGreatApp.swift in Sources */ = {isa = PBXBuildFile; fileRef = EE767F94292FAA9D00AFE6C0 /* MakeItGreatApp.swift */; };
		EE767F97292FAA9D00AFE6C0 /* ContentView.swift in Sources */ = {isa = PBXBuildFile; fileRef = EE767F96292FAA9D00AFE6C0 /* ContentView.swift */; };
		EE767F99292FAA9F00AFE6C0 /* Assets.xcassets in Resources */ = {isa = PBXBuildFile; fileRef = EE767F98292FAA9F00AFE6C0 /* Assets.xcassets */; };
		EE767F9C292FAA9F00AFE6C0 /* Preview Assets.xcassets in Resources */ = {isa = PBXBuildFile; fileRef = EE767F9B292FAA9F00AFE6C0 /* Preview Assets.xcassets */; };
		EE767FA6292FAA9F00AFE6C0 /* MakeItGreatTests.swift in Sources */ = {isa = PBXBuildFile; fileRef = EE767FA5292FAA9F00AFE6C0 /* MakeItGreatTests.swift */; };
		EE767FB0292FAA9F00AFE6C0 /* MakeItGreatUITests.swift in Sources */ = {isa = PBXBuildFile; fileRef = EE767FAF292FAA9F00AFE6C0 /* MakeItGreatUITests.swift */; };
		EE767FB2292FAA9F00AFE6C0 /* MakeItGreatUITestsLaunchTests.swift in Sources */ = {isa = PBXBuildFile; fileRef = EE767FB1292FAA9F00AFE6C0 /* MakeItGreatUITestsLaunchTests.swift */; };
		EECE02342938D0EF00F41460 /* SettingsView.swift in Sources */ = {isa = PBXBuildFile; fileRef = EECE02332938D0EF00F41460 /* SettingsView.swift */; };
		EECE02362938E61400F41460 /* MainSplitView.swift in Sources */ = {isa = PBXBuildFile; fileRef = EECE02352938E61400F41460 /* MainSplitView.swift */; };
		EECE02382938E63400F41460 /* OptionsModel.swift in Sources */ = {isa = PBXBuildFile; fileRef = EECE02372938E63400F41460 /* OptionsModel.swift */; };
		EECE023A2938E6DE00F41460 /* OptionsViewModel.swift in Sources */ = {isa = PBXBuildFile; fileRef = EECE02392938E6DE00F41460 /* OptionsViewModel.swift */; };
		EECE023C29405EFA00F41460 /* PerfilEditView.swift in Sources */ = {isa = PBXBuildFile; fileRef = EECE023B29405EFA00F41460 /* PerfilEditView.swift */; };
		EECE023E29406B7600F41460 /* StatisticView.swift in Sources */ = {isa = PBXBuildFile; fileRef = EECE023D29406B7600F41460 /* StatisticView.swift */; };
		EECE024029406E1200F41460 /* NewActivityView.swift in Sources */ = {isa = PBXBuildFile; fileRef = EECE023F29406E1200F41460 /* NewActivityView.swift */; };
		EECE02422940730D00F41460 /* MorningGridView.swift in Sources */ = {isa = PBXBuildFile; fileRef = EECE02412940730D00F41460 /* MorningGridView.swift */; };
		EECE02442940761900F41460 /* ActivityGridModel.swift in Sources */ = {isa = PBXBuildFile; fileRef = EECE02432940761900F41460 /* ActivityGridModel.swift */; };
		EECE02462940767100F41460 /* ActivityGridViewModel.swift in Sources */ = {isa = PBXBuildFile; fileRef = EECE02452940767100F41460 /* ActivityGridViewModel.swift */; };
		EECE024829407DD700F41460 /* AfternoonGridView.swift in Sources */ = {isa = PBXBuildFile; fileRef = EECE024729407DD700F41460 /* AfternoonGridView.swift */; };
		EECE024A29407EA600F41460 /* NightGridView.swift in Sources */ = {isa = PBXBuildFile; fileRef = EECE024929407EA600F41460 /* NightGridView.swift */; };
		EEF18C4F2945FF0F00DF2C21 /* OnboardingView.swift in Sources */ = {isa = PBXBuildFile; fileRef = EEF18C4E2945FF0F00DF2C21 /* OnboardingView.swift */; };
		EEF18C512946084D00DF2C21 /* BackgroundView.swift in Sources */ = {isa = PBXBuildFile; fileRef = EEF18C502946084D00DF2C21 /* BackgroundView.swift */; };
/* End PBXBuildFile section */

/* Begin PBXContainerItemProxy section */
		EE767FA2292FAA9F00AFE6C0 /* PBXContainerItemProxy */ = {
			isa = PBXContainerItemProxy;
			containerPortal = EE767F89292FAA9D00AFE6C0 /* Project object */;
			proxyType = 1;
			remoteGlobalIDString = EE767F90292FAA9D00AFE6C0;
			remoteInfo = MakeItGreat;
		};
		EE767FAC292FAA9F00AFE6C0 /* PBXContainerItemProxy */ = {
			isa = PBXContainerItemProxy;
			containerPortal = EE767F89292FAA9D00AFE6C0 /* Project object */;
			proxyType = 1;
			remoteGlobalIDString = EE767F90292FAA9D00AFE6C0;
			remoteInfo = MakeItGreat;
		};
/* End PBXContainerItemProxy section */

/* Begin PBXFileReference section */
		D43918F8294214A9006FC895 /* CoreDataHelper.swift */ = {isa = PBXFileReference; fileEncoding = 4; lastKnownFileType = sourcecode.swift; path = CoreDataHelper.swift; sourceTree = "<group>"; };
		D43918F9294214A9006FC895 /* Theme.swift */ = {isa = PBXFileReference; fileEncoding = 4; lastKnownFileType = sourcecode.swift; path = Theme.swift; sourceTree = "<group>"; };
		D43918FA294214A9006FC895 /* DataHelper.json */ = {isa = PBXFileReference; fileEncoding = 4; lastKnownFileType = text.json; path = DataHelper.json; sourceTree = "<group>"; };
		D439190029424527006FC895 /* Activities.xcdatamodel */ = {isa = PBXFileReference; lastKnownFileType = wrapper.xcdatamodel; path = Activities.xcdatamodel; sourceTree = "<group>"; };
		D4391902294247E7006FC895 /* HomeScreenView.swift */ = {isa = PBXFileReference; lastKnownFileType = sourcecode.swift; path = HomeScreenView.swift; sourceTree = "<group>"; };
		D43919042944079B006FC895 /* ActivityListViewModel.swift */ = {isa = PBXFileReference; fileEncoding = 4; lastKnownFileType = sourcecode.swift; path = ActivityListViewModel.swift; sourceTree = "<group>"; };
		EE767F91292FAA9D00AFE6C0 /* MakeItGreat.app */ = {isa = PBXFileReference; explicitFileType = wrapper.application; includeInIndex = 0; path = MakeItGreat.app; sourceTree = BUILT_PRODUCTS_DIR; };
		EE767F94292FAA9D00AFE6C0 /* MakeItGreatApp.swift */ = {isa = PBXFileReference; lastKnownFileType = sourcecode.swift; path = MakeItGreatApp.swift; sourceTree = "<group>"; };
		EE767F96292FAA9D00AFE6C0 /* ContentView.swift */ = {isa = PBXFileReference; lastKnownFileType = sourcecode.swift; path = ContentView.swift; sourceTree = "<group>"; };
		EE767F98292FAA9F00AFE6C0 /* Assets.xcassets */ = {isa = PBXFileReference; lastKnownFileType = folder.assetcatalog; path = Assets.xcassets; sourceTree = "<group>"; };
		EE767F9B292FAA9F00AFE6C0 /* Preview Assets.xcassets */ = {isa = PBXFileReference; lastKnownFileType = folder.assetcatalog; path = "Preview Assets.xcassets"; sourceTree = "<group>"; };
		EE767FA1292FAA9F00AFE6C0 /* MakeItGreatTests.xctest */ = {isa = PBXFileReference; explicitFileType = wrapper.cfbundle; includeInIndex = 0; path = MakeItGreatTests.xctest; sourceTree = BUILT_PRODUCTS_DIR; };
		EE767FA5292FAA9F00AFE6C0 /* MakeItGreatTests.swift */ = {isa = PBXFileReference; lastKnownFileType = sourcecode.swift; path = MakeItGreatTests.swift; sourceTree = "<group>"; };
		EE767FAB292FAA9F00AFE6C0 /* MakeItGreatUITests.xctest */ = {isa = PBXFileReference; explicitFileType = wrapper.cfbundle; includeInIndex = 0; path = MakeItGreatUITests.xctest; sourceTree = BUILT_PRODUCTS_DIR; };
		EE767FAF292FAA9F00AFE6C0 /* MakeItGreatUITests.swift */ = {isa = PBXFileReference; lastKnownFileType = sourcecode.swift; path = MakeItGreatUITests.swift; sourceTree = "<group>"; };
		EE767FB1292FAA9F00AFE6C0 /* MakeItGreatUITestsLaunchTests.swift */ = {isa = PBXFileReference; lastKnownFileType = sourcecode.swift; path = MakeItGreatUITestsLaunchTests.swift; sourceTree = "<group>"; };
		EECE02332938D0EF00F41460 /* SettingsView.swift */ = {isa = PBXFileReference; lastKnownFileType = sourcecode.swift; path = SettingsView.swift; sourceTree = "<group>"; };
		EECE02352938E61400F41460 /* MainSplitView.swift */ = {isa = PBXFileReference; lastKnownFileType = sourcecode.swift; path = MainSplitView.swift; sourceTree = "<group>"; };
		EECE02372938E63400F41460 /* OptionsModel.swift */ = {isa = PBXFileReference; lastKnownFileType = sourcecode.swift; name = OptionsModel.swift; path = MakeItGreat/View/OptionsModel.swift; sourceTree = SOURCE_ROOT; };
		EECE02392938E6DE00F41460 /* OptionsViewModel.swift */ = {isa = PBXFileReference; lastKnownFileType = sourcecode.swift; name = OptionsViewModel.swift; path = MakeItGreat/View/OptionsViewModel.swift; sourceTree = SOURCE_ROOT; };
		EECE023B29405EFA00F41460 /* PerfilEditView.swift */ = {isa = PBXFileReference; lastKnownFileType = sourcecode.swift; path = PerfilEditView.swift; sourceTree = "<group>"; };
		EECE023D29406B7600F41460 /* StatisticView.swift */ = {isa = PBXFileReference; lastKnownFileType = sourcecode.swift; path = StatisticView.swift; sourceTree = "<group>"; };
		EECE023F29406E1200F41460 /* NewActivityView.swift */ = {isa = PBXFileReference; lastKnownFileType = sourcecode.swift; path = NewActivityView.swift; sourceTree = "<group>"; };
		EECE02412940730D00F41460 /* MorningGridView.swift */ = {isa = PBXFileReference; lastKnownFileType = sourcecode.swift; path = MorningGridView.swift; sourceTree = "<group>"; };
		EECE02432940761900F41460 /* ActivityGridModel.swift */ = {isa = PBXFileReference; lastKnownFileType = sourcecode.swift; name = ActivityGridModel.swift; path = MakeItGreat/View/ActivityGridModel.swift; sourceTree = SOURCE_ROOT; };
		EECE02452940767100F41460 /* ActivityGridViewModel.swift */ = {isa = PBXFileReference; lastKnownFileType = sourcecode.swift; name = ActivityGridViewModel.swift; path = MakeItGreat/View/ActivityGridViewModel.swift; sourceTree = SOURCE_ROOT; };
		EECE024729407DD700F41460 /* AfternoonGridView.swift */ = {isa = PBXFileReference; lastKnownFileType = sourcecode.swift; path = AfternoonGridView.swift; sourceTree = "<group>"; };
		EECE024929407EA600F41460 /* NightGridView.swift */ = {isa = PBXFileReference; lastKnownFileType = sourcecode.swift; path = NightGridView.swift; sourceTree = "<group>"; };
		EEF18C4E2945FF0F00DF2C21 /* OnboardingView.swift */ = {isa = PBXFileReference; lastKnownFileType = sourcecode.swift; path = OnboardingView.swift; sourceTree = "<group>"; };
		EEF18C502946084D00DF2C21 /* BackgroundView.swift */ = {isa = PBXFileReference; lastKnownFileType = sourcecode.swift; path = BackgroundView.swift; sourceTree = "<group>"; };
/* End PBXFileReference section */

/* Begin PBXFrameworksBuildPhase section */
		EE767F8E292FAA9D00AFE6C0 /* Frameworks */ = {
			isa = PBXFrameworksBuildPhase;
			buildActionMask = 2147483647;
			files = (
			);
			runOnlyForDeploymentPostprocessing = 0;
		};
		EE767F9E292FAA9F00AFE6C0 /* Frameworks */ = {
			isa = PBXFrameworksBuildPhase;
			buildActionMask = 2147483647;
			files = (
			);
			runOnlyForDeploymentPostprocessing = 0;
		};
		EE767FA8292FAA9F00AFE6C0 /* Frameworks */ = {
			isa = PBXFrameworksBuildPhase;
			buildActionMask = 2147483647;
			files = (
			);
			runOnlyForDeploymentPostprocessing = 0;
		};
/* End PBXFrameworksBuildPhase section */

/* Begin PBXGroup section */
		D43918F7294214A9006FC895 /* Helpers */ = {
			isa = PBXGroup;
			children = (
				D43918F8294214A9006FC895 /* CoreDataHelper.swift */,
				D43918F9294214A9006FC895 /* Theme.swift */,
				D43918FA294214A9006FC895 /* DataHelper.json */,
			);
			path = Helpers;
			sourceTree = "<group>";
		};
		D43918FE29424527006FC895 /* CoreData */ = {
			isa = PBXGroup;
			children = (
				D43918FF29424527006FC895 /* Activities.xcdatamodeld */,
			);
			path = CoreData;
			sourceTree = "<group>";
		};
		EE767F88292FAA9D00AFE6C0 = {
			isa = PBXGroup;
			children = (
				EE767F93292FAA9D00AFE6C0 /* MakeItGreat */,
				EE767FA4292FAA9F00AFE6C0 /* MakeItGreatTests */,
				EE767FAE292FAA9F00AFE6C0 /* MakeItGreatUITests */,
				EE767F92292FAA9D00AFE6C0 /* Products */,
			);
			sourceTree = "<group>";
		};
		EE767F92292FAA9D00AFE6C0 /* Products */ = {
			isa = PBXGroup;
			children = (
				EE767F91292FAA9D00AFE6C0 /* MakeItGreat.app */,
				EE767FA1292FAA9F00AFE6C0 /* MakeItGreatTests.xctest */,
				EE767FAB292FAA9F00AFE6C0 /* MakeItGreatUITests.xctest */,
			);
			name = Products;
			sourceTree = "<group>";
		};
		EE767F93292FAA9D00AFE6C0 /* MakeItGreat */ = {
			isa = PBXGroup;
			children = (
				D43918FE29424527006FC895 /* CoreData */,
				D43918F7294214A9006FC895 /* Helpers */,
				EE767F94292FAA9D00AFE6C0 /* MakeItGreatApp.swift */,
				EE767FC2292FAB2500AFE6C0 /* Controller */,
				EE767FC1292FAB1700AFE6C0 /* View */,
				EE767FC0292FAB0700AFE6C0 /* Model */,
				EE767FBF292FAAFE00AFE6C0 /* ViewModel */,
				EE767F98292FAA9F00AFE6C0 /* Assets.xcassets */,
				EE767F9A292FAA9F00AFE6C0 /* Preview Content */,
			);
			path = MakeItGreat;
			sourceTree = "<group>";
		};
		EE767F9A292FAA9F00AFE6C0 /* Preview Content */ = {
			isa = PBXGroup;
			children = (
				EE767F9B292FAA9F00AFE6C0 /* Preview Assets.xcassets */,
			);
			path = "Preview Content";
			sourceTree = "<group>";
		};
		EE767FA4292FAA9F00AFE6C0 /* MakeItGreatTests */ = {
			isa = PBXGroup;
			children = (
				EE767FA5292FAA9F00AFE6C0 /* MakeItGreatTests.swift */,
			);
			path = MakeItGreatTests;
			sourceTree = "<group>";
		};
		EE767FAE292FAA9F00AFE6C0 /* MakeItGreatUITests */ = {
			isa = PBXGroup;
			children = (
				EE767FAF292FAA9F00AFE6C0 /* MakeItGreatUITests.swift */,
				EE767FB1292FAA9F00AFE6C0 /* MakeItGreatUITestsLaunchTests.swift */,
			);
			path = MakeItGreatUITests;
			sourceTree = "<group>";
		};
		EE767FBF292FAAFE00AFE6C0 /* ViewModel */ = {
			isa = PBXGroup;
			children = (
				D43919042944079B006FC895 /* ActivityListViewModel.swift */,
				EECE02392938E6DE00F41460 /* OptionsViewModel.swift */,
				EECE02452940767100F41460 /* ActivityGridViewModel.swift */,
			);
			path = ViewModel;
			sourceTree = "<group>";
		};
		EE767FC0292FAB0700AFE6C0 /* Model */ = {
			isa = PBXGroup;
			children = (
				EECE02372938E63400F41460 /* OptionsModel.swift */,
				EECE02432940761900F41460 /* ActivityGridModel.swift */,
			);
			path = Model;
			sourceTree = "<group>";
		};
		EE767FC1292FAB1700AFE6C0 /* View */ = {
			isa = PBXGroup;
			children = (
				EECE02352938E61400F41460 /* MainSplitView.swift */,
				EE767F96292FAA9D00AFE6C0 /* ContentView.swift */,
				EECE02332938D0EF00F41460 /* SettingsView.swift */,
				EECE023B29405EFA00F41460 /* PerfilEditView.swift */,
				EECE023D29406B7600F41460 /* StatisticView.swift */,
				EECE023F29406E1200F41460 /* NewActivityView.swift */,
				EECE02412940730D00F41460 /* MorningGridView.swift */,
				EECE024729407DD700F41460 /* AfternoonGridView.swift */,
				EECE024929407EA600F41460 /* NightGridView.swift */,
				D4391902294247E7006FC895 /* HomeScreenView.swift */,
				EEF18C4E2945FF0F00DF2C21 /* OnboardingView.swift */,
				EEF18C502946084D00DF2C21 /* BackgroundView.swift */,
			);
			path = View;
			sourceTree = "<group>";
		};
		EE767FC2292FAB2500AFE6C0 /* Controller */ = {
			isa = PBXGroup;
			children = (
			);
			path = Controller;
			sourceTree = "<group>";
		};
/* End PBXGroup section */

/* Begin PBXNativeTarget section */
		EE767F90292FAA9D00AFE6C0 /* MakeItGreat */ = {
			isa = PBXNativeTarget;
			buildConfigurationList = EE767FB5292FAA9F00AFE6C0 /* Build configuration list for PBXNativeTarget "MakeItGreat" */;
			buildPhases = (
				EE767F8D292FAA9D00AFE6C0 /* Sources */,
				EE767F8E292FAA9D00AFE6C0 /* Frameworks */,
				EE767F8F292FAA9D00AFE6C0 /* Resources */,
				EE767FBE292FAAF400AFE6C0 /* ShellScript */,
			);
			buildRules = (
			);
			dependencies = (
			);
			name = MakeItGreat;
			productName = MakeItGreat;
			productReference = EE767F91292FAA9D00AFE6C0 /* MakeItGreat.app */;
			productType = "com.apple.product-type.application";
		};
		EE767FA0292FAA9F00AFE6C0 /* MakeItGreatTests */ = {
			isa = PBXNativeTarget;
			buildConfigurationList = EE767FB8292FAA9F00AFE6C0 /* Build configuration list for PBXNativeTarget "MakeItGreatTests" */;
			buildPhases = (
				EE767F9D292FAA9F00AFE6C0 /* Sources */,
				EE767F9E292FAA9F00AFE6C0 /* Frameworks */,
				EE767F9F292FAA9F00AFE6C0 /* Resources */,
			);
			buildRules = (
			);
			dependencies = (
				EE767FA3292FAA9F00AFE6C0 /* PBXTargetDependency */,
			);
			name = MakeItGreatTests;
			productName = MakeItGreatTests;
			productReference = EE767FA1292FAA9F00AFE6C0 /* MakeItGreatTests.xctest */;
			productType = "com.apple.product-type.bundle.unit-test";
		};
		EE767FAA292FAA9F00AFE6C0 /* MakeItGreatUITests */ = {
			isa = PBXNativeTarget;
			buildConfigurationList = EE767FBB292FAA9F00AFE6C0 /* Build configuration list for PBXNativeTarget "MakeItGreatUITests" */;
			buildPhases = (
				EE767FA7292FAA9F00AFE6C0 /* Sources */,
				EE767FA8292FAA9F00AFE6C0 /* Frameworks */,
				EE767FA9292FAA9F00AFE6C0 /* Resources */,
			);
			buildRules = (
			);
			dependencies = (
				EE767FAD292FAA9F00AFE6C0 /* PBXTargetDependency */,
			);
			name = MakeItGreatUITests;
			productName = MakeItGreatUITests;
			productReference = EE767FAB292FAA9F00AFE6C0 /* MakeItGreatUITests.xctest */;
			productType = "com.apple.product-type.bundle.ui-testing";
		};
/* End PBXNativeTarget section */

/* Begin PBXProject section */
		EE767F89292FAA9D00AFE6C0 /* Project object */ = {
			isa = PBXProject;
			attributes = {
				BuildIndependentTargetsInParallel = 1;
				LastSwiftUpdateCheck = 1400;
				LastUpgradeCheck = 1400;
				TargetAttributes = {
					EE767F90292FAA9D00AFE6C0 = {
						CreatedOnToolsVersion = 14.0;
					};
					EE767FA0292FAA9F00AFE6C0 = {
						CreatedOnToolsVersion = 14.0;
						TestTargetID = EE767F90292FAA9D00AFE6C0;
					};
					EE767FAA292FAA9F00AFE6C0 = {
						CreatedOnToolsVersion = 14.0;
						TestTargetID = EE767F90292FAA9D00AFE6C0;
					};
				};
			};
			buildConfigurationList = EE767F8C292FAA9D00AFE6C0 /* Build configuration list for PBXProject "MakeItGreat" */;
			compatibilityVersion = "Xcode 14.0";
			developmentRegion = en;
			hasScannedForEncodings = 0;
			knownRegions = (
				en,
				Base,
			);
			mainGroup = EE767F88292FAA9D00AFE6C0;
			productRefGroup = EE767F92292FAA9D00AFE6C0 /* Products */;
			projectDirPath = "";
			projectRoot = "";
			targets = (
				EE767F90292FAA9D00AFE6C0 /* MakeItGreat */,
				EE767FA0292FAA9F00AFE6C0 /* MakeItGreatTests */,
				EE767FAA292FAA9F00AFE6C0 /* MakeItGreatUITests */,
			);
		};
/* End PBXProject section */

/* Begin PBXResourcesBuildPhase section */
		EE767F8F292FAA9D00AFE6C0 /* Resources */ = {
			isa = PBXResourcesBuildPhase;
			buildActionMask = 2147483647;
			files = (
				EE767F9C292FAA9F00AFE6C0 /* Preview Assets.xcassets in Resources */,
				D43918FD294214A9006FC895 /* DataHelper.json in Resources */,
				EE767F99292FAA9F00AFE6C0 /* Assets.xcassets in Resources */,
			);
			runOnlyForDeploymentPostprocessing = 0;
		};
		EE767F9F292FAA9F00AFE6C0 /* Resources */ = {
			isa = PBXResourcesBuildPhase;
			buildActionMask = 2147483647;
			files = (
			);
			runOnlyForDeploymentPostprocessing = 0;
		};
		EE767FA9292FAA9F00AFE6C0 /* Resources */ = {
			isa = PBXResourcesBuildPhase;
			buildActionMask = 2147483647;
			files = (
			);
			runOnlyForDeploymentPostprocessing = 0;
		};
/* End PBXResourcesBuildPhase section */

/* Begin PBXShellScriptBuildPhase section */
		EE767FBE292FAAF400AFE6C0 /* ShellScript */ = {
			isa = PBXShellScriptBuildPhase;
			alwaysOutOfDate = 1;
			buildActionMask = 2147483647;
			files = (
			);
			inputFileListPaths = (
			);
			inputPaths = (
			);
			outputFileListPaths = (
			);
			outputPaths = (
			);
			runOnlyForDeploymentPostprocessing = 0;
			shellPath = /bin/sh;
			shellScript = "# Type a script or drag a script file from your workspace to insert its path.\nif which swiftlint >/dev/null; then\nswiftlint\nelse\necho \"warning: Swiftlint not installed, download from https://github.com/realm/SwiftLint\"\nfi\n";
		};
/* End PBXShellScriptBuildPhase section */

/* Begin PBXSourcesBuildPhase section */
		EE767F8D292FAA9D00AFE6C0 /* Sources */ = {
			isa = PBXSourcesBuildPhase;
			buildActionMask = 2147483647;
			files = (
				D43918FB294214A9006FC895 /* CoreDataHelper.swift in Sources */,
				D439190129424527006FC895 /* Activities.xcdatamodeld in Sources */,
				EECE02382938E63400F41460 /* OptionsModel.swift in Sources */,
				EEF18C512946084D00DF2C21 /* BackgroundView.swift in Sources */,
				EECE02462940767100F41460 /* ActivityGridViewModel.swift in Sources */,
				D43919052944079B006FC895 /* ActivityListViewModel.swift in Sources */,
				EECE023E29406B7600F41460 /* StatisticView.swift in Sources */,
				EECE023A2938E6DE00F41460 /* OptionsViewModel.swift in Sources */,
				EECE02342938D0EF00F41460 /* SettingsView.swift in Sources */,
				EECE024A29407EA600F41460 /* NightGridView.swift in Sources */,
				EECE024029406E1200F41460 /* NewActivityView.swift in Sources */,
				EECE023C29405EFA00F41460 /* PerfilEditView.swift in Sources */,
				D43918FC294214A9006FC895 /* Theme.swift in Sources */,
				EECE02442940761900F41460 /* ActivityGridModel.swift in Sources */,
				EEF18C4F2945FF0F00DF2C21 /* OnboardingView.swift in Sources */,
				EE767F97292FAA9D00AFE6C0 /* ContentView.swift in Sources */,
				EECE024829407DD700F41460 /* AfternoonGridView.swift in Sources */,
				D4391903294247E7006FC895 /* HomeScreenView.swift in Sources */,
				EECE02362938E61400F41460 /* MainSplitView.swift in Sources */,
				EE767F95292FAA9D00AFE6C0 /* MakeItGreatApp.swift in Sources */,
				EECE02422940730D00F41460 /* MorningGridView.swift in Sources */,
			);
			runOnlyForDeploymentPostprocessing = 0;
		};
		EE767F9D292FAA9F00AFE6C0 /* Sources */ = {
			isa = PBXSourcesBuildPhase;
			buildActionMask = 2147483647;
			files = (
				EE767FA6292FAA9F00AFE6C0 /* MakeItGreatTests.swift in Sources */,
			);
			runOnlyForDeploymentPostprocessing = 0;
		};
		EE767FA7292FAA9F00AFE6C0 /* Sources */ = {
			isa = PBXSourcesBuildPhase;
			buildActionMask = 2147483647;
			files = (
				EE767FB0292FAA9F00AFE6C0 /* MakeItGreatUITests.swift in Sources */,
				EE767FB2292FAA9F00AFE6C0 /* MakeItGreatUITestsLaunchTests.swift in Sources */,
			);
			runOnlyForDeploymentPostprocessing = 0;
		};
/* End PBXSourcesBuildPhase section */

/* Begin PBXTargetDependency section */
		EE767FA3292FAA9F00AFE6C0 /* PBXTargetDependency */ = {
			isa = PBXTargetDependency;
			target = EE767F90292FAA9D00AFE6C0 /* MakeItGreat */;
			targetProxy = EE767FA2292FAA9F00AFE6C0 /* PBXContainerItemProxy */;
		};
		EE767FAD292FAA9F00AFE6C0 /* PBXTargetDependency */ = {
			isa = PBXTargetDependency;
			target = EE767F90292FAA9D00AFE6C0 /* MakeItGreat */;
			targetProxy = EE767FAC292FAA9F00AFE6C0 /* PBXContainerItemProxy */;
		};
/* End PBXTargetDependency section */

/* Begin XCBuildConfiguration section */
		EE767FB3292FAA9F00AFE6C0 /* Debug */ = {
			isa = XCBuildConfiguration;
			buildSettings = {
				ALWAYS_SEARCH_USER_PATHS = NO;
				CLANG_ANALYZER_NONNULL = YES;
				CLANG_ANALYZER_NUMBER_OBJECT_CONVERSION = YES_AGGRESSIVE;
				CLANG_CXX_LANGUAGE_STANDARD = "gnu++20";
				CLANG_ENABLE_MODULES = YES;
				CLANG_ENABLE_OBJC_ARC = YES;
				CLANG_ENABLE_OBJC_WEAK = YES;
				CLANG_WARN_BLOCK_CAPTURE_AUTORELEASING = YES;
				CLANG_WARN_BOOL_CONVERSION = YES;
				CLANG_WARN_COMMA = YES;
				CLANG_WARN_CONSTANT_CONVERSION = YES;
				CLANG_WARN_DEPRECATED_OBJC_IMPLEMENTATIONS = YES;
				CLANG_WARN_DIRECT_OBJC_ISA_USAGE = YES_ERROR;
				CLANG_WARN_DOCUMENTATION_COMMENTS = YES;
				CLANG_WARN_EMPTY_BODY = YES;
				CLANG_WARN_ENUM_CONVERSION = YES;
				CLANG_WARN_INFINITE_RECURSION = YES;
				CLANG_WARN_INT_CONVERSION = YES;
				CLANG_WARN_NON_LITERAL_NULL_CONVERSION = YES;
				CLANG_WARN_OBJC_IMPLICIT_RETAIN_SELF = YES;
				CLANG_WARN_OBJC_LITERAL_CONVERSION = YES;
				CLANG_WARN_OBJC_ROOT_CLASS = YES_ERROR;
				CLANG_WARN_QUOTED_INCLUDE_IN_FRAMEWORK_HEADER = YES;
				CLANG_WARN_RANGE_LOOP_ANALYSIS = YES;
				CLANG_WARN_STRICT_PROTOTYPES = YES;
				CLANG_WARN_SUSPICIOUS_MOVE = YES;
				CLANG_WARN_UNGUARDED_AVAILABILITY = YES_AGGRESSIVE;
				CLANG_WARN_UNREACHABLE_CODE = YES;
				CLANG_WARN__DUPLICATE_METHOD_MATCH = YES;
				COPY_PHASE_STRIP = NO;
				DEBUG_INFORMATION_FORMAT = dwarf;
				ENABLE_STRICT_OBJC_MSGSEND = YES;
				ENABLE_TESTABILITY = YES;
				GCC_C_LANGUAGE_STANDARD = gnu11;
				GCC_DYNAMIC_NO_PIC = NO;
				GCC_NO_COMMON_BLOCKS = YES;
				GCC_OPTIMIZATION_LEVEL = 0;
				GCC_PREPROCESSOR_DEFINITIONS = (
					"DEBUG=1",
					"$(inherited)",
				);
				GCC_WARN_64_TO_32_BIT_CONVERSION = YES;
				GCC_WARN_ABOUT_RETURN_TYPE = YES_ERROR;
				GCC_WARN_UNDECLARED_SELECTOR = YES;
				GCC_WARN_UNINITIALIZED_AUTOS = YES_AGGRESSIVE;
				GCC_WARN_UNUSED_FUNCTION = YES;
				GCC_WARN_UNUSED_VARIABLE = YES;
				IPHONEOS_DEPLOYMENT_TARGET = 16.0;
				MTL_ENABLE_DEBUG_INFO = INCLUDE_SOURCE;
				MTL_FAST_MATH = YES;
				ONLY_ACTIVE_ARCH = YES;
				SDKROOT = iphoneos;
				SWIFT_ACTIVE_COMPILATION_CONDITIONS = DEBUG;
				SWIFT_OPTIMIZATION_LEVEL = "-Onone";
			};
			name = Debug;
		};
		EE767FB4292FAA9F00AFE6C0 /* Release */ = {
			isa = XCBuildConfiguration;
			buildSettings = {
				ALWAYS_SEARCH_USER_PATHS = NO;
				CLANG_ANALYZER_NONNULL = YES;
				CLANG_ANALYZER_NUMBER_OBJECT_CONVERSION = YES_AGGRESSIVE;
				CLANG_CXX_LANGUAGE_STANDARD = "gnu++20";
				CLANG_ENABLE_MODULES = YES;
				CLANG_ENABLE_OBJC_ARC = YES;
				CLANG_ENABLE_OBJC_WEAK = YES;
				CLANG_WARN_BLOCK_CAPTURE_AUTORELEASING = YES;
				CLANG_WARN_BOOL_CONVERSION = YES;
				CLANG_WARN_COMMA = YES;
				CLANG_WARN_CONSTANT_CONVERSION = YES;
				CLANG_WARN_DEPRECATED_OBJC_IMPLEMENTATIONS = YES;
				CLANG_WARN_DIRECT_OBJC_ISA_USAGE = YES_ERROR;
				CLANG_WARN_DOCUMENTATION_COMMENTS = YES;
				CLANG_WARN_EMPTY_BODY = YES;
				CLANG_WARN_ENUM_CONVERSION = YES;
				CLANG_WARN_INFINITE_RECURSION = YES;
				CLANG_WARN_INT_CONVERSION = YES;
				CLANG_WARN_NON_LITERAL_NULL_CONVERSION = YES;
				CLANG_WARN_OBJC_IMPLICIT_RETAIN_SELF = YES;
				CLANG_WARN_OBJC_LITERAL_CONVERSION = YES;
				CLANG_WARN_OBJC_ROOT_CLASS = YES_ERROR;
				CLANG_WARN_QUOTED_INCLUDE_IN_FRAMEWORK_HEADER = YES;
				CLANG_WARN_RANGE_LOOP_ANALYSIS = YES;
				CLANG_WARN_STRICT_PROTOTYPES = YES;
				CLANG_WARN_SUSPICIOUS_MOVE = YES;
				CLANG_WARN_UNGUARDED_AVAILABILITY = YES_AGGRESSIVE;
				CLANG_WARN_UNREACHABLE_CODE = YES;
				CLANG_WARN__DUPLICATE_METHOD_MATCH = YES;
				COPY_PHASE_STRIP = NO;
				DEBUG_INFORMATION_FORMAT = "dwarf-with-dsym";
				ENABLE_NS_ASSERTIONS = NO;
				ENABLE_STRICT_OBJC_MSGSEND = YES;
				GCC_C_LANGUAGE_STANDARD = gnu11;
				GCC_NO_COMMON_BLOCKS = YES;
				GCC_WARN_64_TO_32_BIT_CONVERSION = YES;
				GCC_WARN_ABOUT_RETURN_TYPE = YES_ERROR;
				GCC_WARN_UNDECLARED_SELECTOR = YES;
				GCC_WARN_UNINITIALIZED_AUTOS = YES_AGGRESSIVE;
				GCC_WARN_UNUSED_FUNCTION = YES;
				GCC_WARN_UNUSED_VARIABLE = YES;
				IPHONEOS_DEPLOYMENT_TARGET = 16.0;
				MTL_ENABLE_DEBUG_INFO = NO;
				MTL_FAST_MATH = YES;
				SDKROOT = iphoneos;
				SWIFT_COMPILATION_MODE = wholemodule;
				SWIFT_OPTIMIZATION_LEVEL = "-O";
				VALIDATE_PRODUCT = YES;
			};
			name = Release;
		};
		EE767FB6292FAA9F00AFE6C0 /* Debug */ = {
			isa = XCBuildConfiguration;
			buildSettings = {
				ASSETCATALOG_COMPILER_APPICON_NAME = AppIcon;
				ASSETCATALOG_COMPILER_GLOBAL_ACCENT_COLOR_NAME = AccentColor;
				CODE_SIGN_IDENTITY = "Apple Development";
				CODE_SIGN_STYLE = Automatic;
				CURRENT_PROJECT_VERSION = 1;
				DEVELOPMENT_ASSET_PATHS = "\"MakeItGreat/Preview Content\"";
				DEVELOPMENT_TEAM = 37U5X9NN8C;
				ENABLE_PREVIEWS = YES;
				GENERATE_INFOPLIST_FILE = YES;
				INFOPLIST_KEY_UIApplicationSceneManifest_Generation = YES;
				INFOPLIST_KEY_UIApplicationSupportsIndirectInputEvents = YES;
				INFOPLIST_KEY_UILaunchScreen_Generation = YES;
				INFOPLIST_KEY_UISupportedInterfaceOrientations_iPad = "UIInterfaceOrientationPortrait UIInterfaceOrientationPortraitUpsideDown UIInterfaceOrientationLandscapeLeft UIInterfaceOrientationLandscapeRight";
				INFOPLIST_KEY_UISupportedInterfaceOrientations_iPhone = "UIInterfaceOrientationPortrait UIInterfaceOrientationLandscapeLeft UIInterfaceOrientationLandscapeRight";
				LD_RUNPATH_SEARCH_PATHS = (
					"$(inherited)",
					"@executable_path/Frameworks",
				);
				MARKETING_VERSION = 1.0;
				PRODUCT_BUNDLE_IDENTIFIER = team01.MakeItGreat;
				PRODUCT_NAME = "$(TARGET_NAME)";
				PROVISIONING_PROFILE_SPECIFIER = "";
				SWIFT_EMIT_LOC_STRINGS = YES;
				SWIFT_VERSION = 5.0;
				TARGETED_DEVICE_FAMILY = "1,2";
			};
			name = Debug;
		};
		EE767FB7292FAA9F00AFE6C0 /* Release */ = {
			isa = XCBuildConfiguration;
			buildSettings = {
				ASSETCATALOG_COMPILER_APPICON_NAME = AppIcon;
				ASSETCATALOG_COMPILER_GLOBAL_ACCENT_COLOR_NAME = AccentColor;
				CODE_SIGN_IDENTITY = "Apple Development";
				CODE_SIGN_STYLE = Automatic;
				CURRENT_PROJECT_VERSION = 1;
				DEVELOPMENT_ASSET_PATHS = "\"MakeItGreat/Preview Content\"";
				DEVELOPMENT_TEAM = 37U5X9NN8C;
				ENABLE_PREVIEWS = YES;
				GENERATE_INFOPLIST_FILE = YES;
				INFOPLIST_KEY_UIApplicationSceneManifest_Generation = YES;
				INFOPLIST_KEY_UIApplicationSupportsIndirectInputEvents = YES;
				INFOPLIST_KEY_UILaunchScreen_Generation = YES;
				INFOPLIST_KEY_UISupportedInterfaceOrientations_iPad = "UIInterfaceOrientationPortrait UIInterfaceOrientationPortraitUpsideDown UIInterfaceOrientationLandscapeLeft UIInterfaceOrientationLandscapeRight";
				INFOPLIST_KEY_UISupportedInterfaceOrientations_iPhone = "UIInterfaceOrientationPortrait UIInterfaceOrientationLandscapeLeft UIInterfaceOrientationLandscapeRight";
				LD_RUNPATH_SEARCH_PATHS = (
					"$(inherited)",
					"@executable_path/Frameworks",
				);
				MARKETING_VERSION = 1.0;
				PRODUCT_BUNDLE_IDENTIFIER = team01.MakeItGreat;
				PRODUCT_NAME = "$(TARGET_NAME)";
				PROVISIONING_PROFILE_SPECIFIER = "";
				SWIFT_EMIT_LOC_STRINGS = YES;
				SWIFT_VERSION = 5.0;
				TARGETED_DEVICE_FAMILY = "1,2";
			};
			name = Release;
		};
		EE767FB9292FAA9F00AFE6C0 /* Debug */ = {
			isa = XCBuildConfiguration;
			buildSettings = {
				ALWAYS_EMBED_SWIFT_STANDARD_LIBRARIES = YES;
				BUNDLE_LOADER = "$(TEST_HOST)";
				CODE_SIGN_STYLE = Automatic;
				CURRENT_PROJECT_VERSION = 1;
				DEVELOPMENT_TEAM = MXSWN6Q9F5;
				GENERATE_INFOPLIST_FILE = YES;
				IPHONEOS_DEPLOYMENT_TARGET = 16.0;
				MARKETING_VERSION = 1.0;
				PRODUCT_BUNDLE_IDENTIFIER = team01.MakeItGreatTests;
				PRODUCT_NAME = "$(TARGET_NAME)";
				SWIFT_EMIT_LOC_STRINGS = NO;
				SWIFT_VERSION = 5.0;
				TARGETED_DEVICE_FAMILY = "1,2";
				TEST_HOST = "$(BUILT_PRODUCTS_DIR)/MakeItGreat.app/$(BUNDLE_EXECUTABLE_FOLDER_PATH)/MakeItGreat";
			};
			name = Debug;
		};
		EE767FBA292FAA9F00AFE6C0 /* Release */ = {
			isa = XCBuildConfiguration;
			buildSettings = {
				ALWAYS_EMBED_SWIFT_STANDARD_LIBRARIES = YES;
				BUNDLE_LOADER = "$(TEST_HOST)";
				CODE_SIGN_STYLE = Automatic;
				CURRENT_PROJECT_VERSION = 1;
				DEVELOPMENT_TEAM = MXSWN6Q9F5;
				GENERATE_INFOPLIST_FILE = YES;
				IPHONEOS_DEPLOYMENT_TARGET = 16.0;
				MARKETING_VERSION = 1.0;
				PRODUCT_BUNDLE_IDENTIFIER = team01.MakeItGreatTests;
				PRODUCT_NAME = "$(TARGET_NAME)";
				SWIFT_EMIT_LOC_STRINGS = NO;
				SWIFT_VERSION = 5.0;
				TARGETED_DEVICE_FAMILY = "1,2";
				TEST_HOST = "$(BUILT_PRODUCTS_DIR)/MakeItGreat.app/$(BUNDLE_EXECUTABLE_FOLDER_PATH)/MakeItGreat";
			};
			name = Release;
		};
		EE767FBC292FAA9F00AFE6C0 /* Debug */ = {
			isa = XCBuildConfiguration;
			buildSettings = {
				ALWAYS_EMBED_SWIFT_STANDARD_LIBRARIES = YES;
				CODE_SIGN_STYLE = Automatic;
				CURRENT_PROJECT_VERSION = 1;
				DEVELOPMENT_TEAM = MXSWN6Q9F5;
				GENERATE_INFOPLIST_FILE = YES;
				MARKETING_VERSION = 1.0;
				PRODUCT_BUNDLE_IDENTIFIER = team01.MakeItGreatUITests;
				PRODUCT_NAME = "$(TARGET_NAME)";
				SWIFT_EMIT_LOC_STRINGS = NO;
				SWIFT_VERSION = 5.0;
				TARGETED_DEVICE_FAMILY = "1,2";
				TEST_TARGET_NAME = MakeItGreat;
			};
			name = Debug;
		};
		EE767FBD292FAA9F00AFE6C0 /* Release */ = {
			isa = XCBuildConfiguration;
			buildSettings = {
				ALWAYS_EMBED_SWIFT_STANDARD_LIBRARIES = YES;
				CODE_SIGN_STYLE = Automatic;
				CURRENT_PROJECT_VERSION = 1;
				DEVELOPMENT_TEAM = MXSWN6Q9F5;
				GENERATE_INFOPLIST_FILE = YES;
				MARKETING_VERSION = 1.0;
				PRODUCT_BUNDLE_IDENTIFIER = team01.MakeItGreatUITests;
				PRODUCT_NAME = "$(TARGET_NAME)";
				SWIFT_EMIT_LOC_STRINGS = NO;
				SWIFT_VERSION = 5.0;
				TARGETED_DEVICE_FAMILY = "1,2";
				TEST_TARGET_NAME = MakeItGreat;
			};
			name = Release;
		};
/* End XCBuildConfiguration section */

/* Begin XCConfigurationList section */
		EE767F8C292FAA9D00AFE6C0 /* Build configuration list for PBXProject "MakeItGreat" */ = {
			isa = XCConfigurationList;
			buildConfigurations = (
				EE767FB3292FAA9F00AFE6C0 /* Debug */,
				EE767FB4292FAA9F00AFE6C0 /* Release */,
			);
			defaultConfigurationIsVisible = 0;
			defaultConfigurationName = Release;
		};
		EE767FB5292FAA9F00AFE6C0 /* Build configuration list for PBXNativeTarget "MakeItGreat" */ = {
			isa = XCConfigurationList;
			buildConfigurations = (
				EE767FB6292FAA9F00AFE6C0 /* Debug */,
				EE767FB7292FAA9F00AFE6C0 /* Release */,
			);
			defaultConfigurationIsVisible = 0;
			defaultConfigurationName = Release;
		};
		EE767FB8292FAA9F00AFE6C0 /* Build configuration list for PBXNativeTarget "MakeItGreatTests" */ = {
			isa = XCConfigurationList;
			buildConfigurations = (
				EE767FB9292FAA9F00AFE6C0 /* Debug */,
				EE767FBA292FAA9F00AFE6C0 /* Release */,
			);
			defaultConfigurationIsVisible = 0;
			defaultConfigurationName = Release;
		};
		EE767FBB292FAA9F00AFE6C0 /* Build configuration list for PBXNativeTarget "MakeItGreatUITests" */ = {
			isa = XCConfigurationList;
			buildConfigurations = (
				EE767FBC292FAA9F00AFE6C0 /* Debug */,
				EE767FBD292FAA9F00AFE6C0 /* Release */,
			);
			defaultConfigurationIsVisible = 0;
			defaultConfigurationName = Release;
		};
/* End XCConfigurationList section */

/* Begin XCVersionGroup section */
		D43918FF29424527006FC895 /* Activities.xcdatamodeld */ = {
			isa = XCVersionGroup;
			children = (
				D439190029424527006FC895 /* Activities.xcdatamodel */,
			);
			currentVersion = D439190029424527006FC895 /* Activities.xcdatamodel */;
			path = Activities.xcdatamodeld;
			sourceTree = "<group>";
			versionGroupType = wrapper.xcdatamodel;
		};
/* End XCVersionGroup section */
	};
	rootObject = EE767F89292FAA9D00AFE6C0 /* Project object */;
}
