// !$*UTF8*$!
{
	archiveVersion = 1;
	classes = {
	};
	objectVersion = 56;
	objects = {

/* Begin PBXBuildFile section */
		354597E6292BB8BC0018F868 /* CalendarView.swift in Sources */ = {isa = PBXBuildFile; fileRef = 354597E5292BB8BC0018F868 /* CalendarView.swift */; };
		356A7089292E432B00AEC917 /* CalendarViewController.swift in Sources */ = {isa = PBXBuildFile; fileRef = 356A7088292E432B00AEC917 /* CalendarViewController.swift */; };
		356A708B292E450000AEC917 /* CalendarViewModel.swift in Sources */ = {isa = PBXBuildFile; fileRef = 356A708A292E450000AEC917 /* CalendarViewModel.swift */; };
		356A708E292E598800AEC917 /* ViewCoding.swift in Sources */ = {isa = PBXBuildFile; fileRef = 356A708D292E598800AEC917 /* ViewCoding.swift */; };
		EE767EFF291A907000AFE6C0 /* AppDelegate.swift in Sources */ = {isa = PBXBuildFile; fileRef = EE767EFE291A907000AFE6C0 /* AppDelegate.swift */; };
		EE767F01291A907000AFE6C0 /* SceneDelegate.swift in Sources */ = {isa = PBXBuildFile; fileRef = EE767F00291A907000AFE6C0 /* SceneDelegate.swift */; };
		EE767F03291A907000AFE6C0 /* ViewController.swift in Sources */ = {isa = PBXBuildFile; fileRef = EE767F02291A907000AFE6C0 /* ViewController.swift */; };
		EE767F06291A907000AFE6C0 /* Main.storyboard in Resources */ = {isa = PBXBuildFile; fileRef = EE767F04291A907000AFE6C0 /* Main.storyboard */; };
		EE767F08291A907100AFE6C0 /* Assets.xcassets in Resources */ = {isa = PBXBuildFile; fileRef = EE767F07291A907100AFE6C0 /* Assets.xcassets */; };
		EE767F16291A907100AFE6C0 /* MakeItGreatTests.swift in Sources */ = {isa = PBXBuildFile; fileRef = EE767F15291A907100AFE6C0 /* MakeItGreatTests.swift */; };
		EE767F20291A907100AFE6C0 /* MakeItGreatUITests.swift in Sources */ = {isa = PBXBuildFile; fileRef = EE767F1F291A907100AFE6C0 /* MakeItGreatUITests.swift */; };
		EE767F22291A907100AFE6C0 /* MakeItGreatUITestsLaunchTests.swift in Sources */ = {isa = PBXBuildFile; fileRef = EE767F21291A907100AFE6C0 /* MakeItGreatUITestsLaunchTests.swift */; };
/* End PBXBuildFile section */

/* Begin PBXContainerItemProxy section */
		EE767F12291A907100AFE6C0 /* PBXContainerItemProxy */ = {
			isa = PBXContainerItemProxy;
			containerPortal = EE767EF3291A907000AFE6C0 /* Project object */;
			proxyType = 1;
			remoteGlobalIDString = EE767EFA291A907000AFE6C0;
			remoteInfo = MakeItGreat;
		};
		EE767F1C291A907100AFE6C0 /* PBXContainerItemProxy */ = {
			isa = PBXContainerItemProxy;
			containerPortal = EE767EF3291A907000AFE6C0 /* Project object */;
			proxyType = 1;
			remoteGlobalIDString = EE767EFA291A907000AFE6C0;
			remoteInfo = MakeItGreat;
		};
/* End PBXContainerItemProxy section */

/* Begin PBXFileReference section */
		354597E5292BB8BC0018F868 /* CalendarView.swift */ = {isa = PBXFileReference; lastKnownFileType = sourcecode.swift; path = CalendarView.swift; sourceTree = "<group>"; };
		356A7088292E432B00AEC917 /* CalendarViewController.swift */ = {isa = PBXFileReference; lastKnownFileType = sourcecode.swift; path = CalendarViewController.swift; sourceTree = "<group>"; };
		356A708A292E450000AEC917 /* CalendarViewModel.swift */ = {isa = PBXFileReference; lastKnownFileType = sourcecode.swift; path = CalendarViewModel.swift; sourceTree = "<group>"; };
		356A708D292E598800AEC917 /* ViewCoding.swift */ = {isa = PBXFileReference; lastKnownFileType = sourcecode.swift; path = ViewCoding.swift; sourceTree = "<group>"; };
		EE767EFB291A907000AFE6C0 /* MakeItGreat.app */ = {isa = PBXFileReference; explicitFileType = wrapper.application; includeInIndex = 0; path = MakeItGreat.app; sourceTree = BUILT_PRODUCTS_DIR; };
		EE767EFE291A907000AFE6C0 /* AppDelegate.swift */ = {isa = PBXFileReference; lastKnownFileType = sourcecode.swift; path = AppDelegate.swift; sourceTree = "<group>"; };
		EE767F00291A907000AFE6C0 /* SceneDelegate.swift */ = {isa = PBXFileReference; lastKnownFileType = sourcecode.swift; path = SceneDelegate.swift; sourceTree = "<group>"; };
		EE767F02291A907000AFE6C0 /* ViewController.swift */ = {isa = PBXFileReference; lastKnownFileType = sourcecode.swift; path = ViewController.swift; sourceTree = "<group>"; };
		EE767F05291A907000AFE6C0 /* Base */ = {isa = PBXFileReference; lastKnownFileType = file.storyboard; name = Base; path = Base.lproj/Main.storyboard; sourceTree = "<group>"; };
		EE767F07291A907100AFE6C0 /* Assets.xcassets */ = {isa = PBXFileReference; lastKnownFileType = folder.assetcatalog; path = Assets.xcassets; sourceTree = "<group>"; };
		EE767F0C291A907100AFE6C0 /* Info.plist */ = {isa = PBXFileReference; lastKnownFileType = text.plist.xml; path = Info.plist; sourceTree = "<group>"; };
		EE767F11291A907100AFE6C0 /* MakeItGreatTests.xctest */ = {isa = PBXFileReference; explicitFileType = wrapper.cfbundle; includeInIndex = 0; path = MakeItGreatTests.xctest; sourceTree = BUILT_PRODUCTS_DIR; };
		EE767F15291A907100AFE6C0 /* MakeItGreatTests.swift */ = {isa = PBXFileReference; lastKnownFileType = sourcecode.swift; path = MakeItGreatTests.swift; sourceTree = "<group>"; };
		EE767F1B291A907100AFE6C0 /* MakeItGreatUITests.xctest */ = {isa = PBXFileReference; explicitFileType = wrapper.cfbundle; includeInIndex = 0; path = MakeItGreatUITests.xctest; sourceTree = BUILT_PRODUCTS_DIR; };
		EE767F1F291A907100AFE6C0 /* MakeItGreatUITests.swift */ = {isa = PBXFileReference; lastKnownFileType = sourcecode.swift; path = MakeItGreatUITests.swift; sourceTree = "<group>"; };
		EE767F21291A907100AFE6C0 /* MakeItGreatUITestsLaunchTests.swift */ = {isa = PBXFileReference; lastKnownFileType = sourcecode.swift; path = MakeItGreatUITestsLaunchTests.swift; sourceTree = "<group>"; };
/* End PBXFileReference section */

/* Begin PBXFrameworksBuildPhase section */
		EE767EF8291A907000AFE6C0 /* Frameworks */ = {
			isa = PBXFrameworksBuildPhase;
			buildActionMask = 2147483647;
			files = (
			);
			runOnlyForDeploymentPostprocessing = 0;
		};
		EE767F0E291A907100AFE6C0 /* Frameworks */ = {
			isa = PBXFrameworksBuildPhase;
			buildActionMask = 2147483647;
			files = (
			);
			runOnlyForDeploymentPostprocessing = 0;
		};
		EE767F18291A907100AFE6C0 /* Frameworks */ = {
			isa = PBXFrameworksBuildPhase;
			buildActionMask = 2147483647;
			files = (
			);
			runOnlyForDeploymentPostprocessing = 0;
		};
/* End PBXFrameworksBuildPhase section */

/* Begin PBXGroup section */
		356A7083292CE6B000AEC917 /* POC-CalendarView */ = {
			isa = PBXGroup;
			children = (
				356A708C292E58A100AEC917 /* Protocols */,
				356A7087292E430800AEC917 /* ViewController */,
				356A7086292CE6D500AEC917 /* ViewModel */,
				356A7085292CE6CE00AEC917 /* View */,
				356A7084292CE6C900AEC917 /* Model */,
			);
			path = "POC-CalendarView";
			sourceTree = "<group>";
		};
		356A7084292CE6C900AEC917 /* Model */ = {
			isa = PBXGroup;
			children = (
			);
			path = Model;
			sourceTree = "<group>";
		};
		356A7085292CE6CE00AEC917 /* View */ = {
			isa = PBXGroup;
			children = (
				354597E5292BB8BC0018F868 /* CalendarView.swift */,
			);
			path = View;
			sourceTree = "<group>";
		};
		356A7086292CE6D500AEC917 /* ViewModel */ = {
			isa = PBXGroup;
			children = (
				356A708A292E450000AEC917 /* CalendarViewModel.swift */,
			);
			path = ViewModel;
			sourceTree = "<group>";
		};
		356A7087292E430800AEC917 /* ViewController */ = {
			isa = PBXGroup;
			children = (
				356A7088292E432B00AEC917 /* CalendarViewController.swift */,
			);
			path = ViewController;
			sourceTree = "<group>";
		};
		356A708C292E58A100AEC917 /* Protocols */ = {
			isa = PBXGroup;
			children = (
				356A708D292E598800AEC917 /* ViewCoding.swift */,
			);
			path = Protocols;
			sourceTree = "<group>";
		};
		EE767EF2291A907000AFE6C0 = {
			isa = PBXGroup;
			children = (
				EE767EFD291A907000AFE6C0 /* MakeItGreat */,
				EE767F14291A907100AFE6C0 /* MakeItGreatTests */,
				EE767F1E291A907100AFE6C0 /* MakeItGreatUITests */,
				EE767EFC291A907000AFE6C0 /* Products */,
			);
			sourceTree = "<group>";
		};
		EE767EFC291A907000AFE6C0 /* Products */ = {
			isa = PBXGroup;
			children = (
				EE767EFB291A907000AFE6C0 /* MakeItGreat.app */,
				EE767F11291A907100AFE6C0 /* MakeItGreatTests.xctest */,
				EE767F1B291A907100AFE6C0 /* MakeItGreatUITests.xctest */,
			);
			name = Products;
			sourceTree = "<group>";
		};
		EE767EFD291A907000AFE6C0 /* MakeItGreat */ = {
			isa = PBXGroup;
			children = (
				356A7083292CE6B000AEC917 /* POC-CalendarView */,
				EE767EFE291A907000AFE6C0 /* AppDelegate.swift */,
				EE767F00291A907000AFE6C0 /* SceneDelegate.swift */,
				EE767F0C291A907100AFE6C0 /* Info.plist */,
				EE767F07291A907100AFE6C0 /* Assets.xcassets */,
				EE767F32291A92DF00AFE6C0 /* ViewControllers */,
				EE767F31291A92D600AFE6C0 /* ViewModels */,
				EE767F30291A92D100AFE6C0 /* Views */,
				EE767F2F291A92C600AFE6C0 /* Models */,
			);
			path = MakeItGreat;
			sourceTree = "<group>";
		};
		EE767F14291A907100AFE6C0 /* MakeItGreatTests */ = {
			isa = PBXGroup;
			children = (
				EE767F15291A907100AFE6C0 /* MakeItGreatTests.swift */,
			);
			path = MakeItGreatTests;
			sourceTree = "<group>";
		};
		EE767F1E291A907100AFE6C0 /* MakeItGreatUITests */ = {
			isa = PBXGroup;
			children = (
				EE767F1F291A907100AFE6C0 /* MakeItGreatUITests.swift */,
				EE767F21291A907100AFE6C0 /* MakeItGreatUITestsLaunchTests.swift */,
			);
			path = MakeItGreatUITests;
			sourceTree = "<group>";
		};
		EE767F2F291A92C600AFE6C0 /* Models */ = {
			isa = PBXGroup;
			children = (
			);
			path = Models;
			sourceTree = "<group>";
		};
		EE767F30291A92D100AFE6C0 /* Views */ = {
			isa = PBXGroup;
			children = (
				EE767F04291A907000AFE6C0 /* Main.storyboard */,
			);
			path = Views;
			sourceTree = "<group>";
		};
		EE767F31291A92D600AFE6C0 /* ViewModels */ = {
			isa = PBXGroup;
			children = (
			);
			path = ViewModels;
			sourceTree = "<group>";
		};
		EE767F32291A92DF00AFE6C0 /* ViewControllers */ = {
			isa = PBXGroup;
			children = (
				EE767F02291A907000AFE6C0 /* ViewController.swift */,
			);
			path = ViewControllers;
			sourceTree = "<group>";
		};
/* End PBXGroup section */

/* Begin PBXNativeTarget section */
		EE767EFA291A907000AFE6C0 /* MakeItGreat */ = {
			isa = PBXNativeTarget;
			buildConfigurationList = EE767F25291A907100AFE6C0 /* Build configuration list for PBXNativeTarget "MakeItGreat" */;
			buildPhases = (
				EE767EF7291A907000AFE6C0 /* Sources */,
				EE767EF8291A907000AFE6C0 /* Frameworks */,
				EE767EF9291A907000AFE6C0 /* Resources */,
				EE767F2E291A914B00AFE6C0 /* ShellScript */,
			);
			buildRules = (
			);
			dependencies = (
			);
			name = MakeItGreat;
			productName = MakeItGreat;
			productReference = EE767EFB291A907000AFE6C0 /* MakeItGreat.app */;
			productType = "com.apple.product-type.application";
		};
		EE767F10291A907100AFE6C0 /* MakeItGreatTests */ = {
			isa = PBXNativeTarget;
			buildConfigurationList = EE767F28291A907100AFE6C0 /* Build configuration list for PBXNativeTarget "MakeItGreatTests" */;
			buildPhases = (
				EE767F0D291A907100AFE6C0 /* Sources */,
				EE767F0E291A907100AFE6C0 /* Frameworks */,
				EE767F0F291A907100AFE6C0 /* Resources */,
			);
			buildRules = (
			);
			dependencies = (
				EE767F13291A907100AFE6C0 /* PBXTargetDependency */,
			);
			name = MakeItGreatTests;
			productName = MakeItGreatTests;
			productReference = EE767F11291A907100AFE6C0 /* MakeItGreatTests.xctest */;
			productType = "com.apple.product-type.bundle.unit-test";
		};
		EE767F1A291A907100AFE6C0 /* MakeItGreatUITests */ = {
			isa = PBXNativeTarget;
			buildConfigurationList = EE767F2B291A907100AFE6C0 /* Build configuration list for PBXNativeTarget "MakeItGreatUITests" */;
			buildPhases = (
				EE767F17291A907100AFE6C0 /* Sources */,
				EE767F18291A907100AFE6C0 /* Frameworks */,
				EE767F19291A907100AFE6C0 /* Resources */,
			);
			buildRules = (
			);
			dependencies = (
				EE767F1D291A907100AFE6C0 /* PBXTargetDependency */,
			);
			name = MakeItGreatUITests;
			productName = MakeItGreatUITests;
			productReference = EE767F1B291A907100AFE6C0 /* MakeItGreatUITests.xctest */;
			productType = "com.apple.product-type.bundle.ui-testing";
		};
/* End PBXNativeTarget section */

/* Begin PBXProject section */
		EE767EF3291A907000AFE6C0 /* Project object */ = {
			isa = PBXProject;
			attributes = {
				BuildIndependentTargetsInParallel = 1;
				LastSwiftUpdateCheck = 1400;
				LastUpgradeCheck = 1400;
				TargetAttributes = {
					EE767EFA291A907000AFE6C0 = {
						CreatedOnToolsVersion = 14.0;
					};
					EE767F10291A907100AFE6C0 = {
						CreatedOnToolsVersion = 14.0;
						TestTargetID = EE767EFA291A907000AFE6C0;
					};
					EE767F1A291A907100AFE6C0 = {
						CreatedOnToolsVersion = 14.0;
						TestTargetID = EE767EFA291A907000AFE6C0;
					};
				};
			};
			buildConfigurationList = EE767EF6291A907000AFE6C0 /* Build configuration list for PBXProject "MakeItGreat" */;
			compatibilityVersion = "Xcode 14.0";
			developmentRegion = en;
			hasScannedForEncodings = 0;
			knownRegions = (
				en,
				Base,
			);
			mainGroup = EE767EF2291A907000AFE6C0;
			productRefGroup = EE767EFC291A907000AFE6C0 /* Products */;
			projectDirPath = "";
			projectRoot = "";
			targets = (
				EE767EFA291A907000AFE6C0 /* MakeItGreat */,
				EE767F10291A907100AFE6C0 /* MakeItGreatTests */,
				EE767F1A291A907100AFE6C0 /* MakeItGreatUITests */,
			);
		};
/* End PBXProject section */

/* Begin PBXResourcesBuildPhase section */
		EE767EF9291A907000AFE6C0 /* Resources */ = {
			isa = PBXResourcesBuildPhase;
			buildActionMask = 2147483647;
			files = (
				EE767F08291A907100AFE6C0 /* Assets.xcassets in Resources */,
				EE767F06291A907000AFE6C0 /* Main.storyboard in Resources */,
			);
			runOnlyForDeploymentPostprocessing = 0;
		};
		EE767F0F291A907100AFE6C0 /* Resources */ = {
			isa = PBXResourcesBuildPhase;
			buildActionMask = 2147483647;
			files = (
			);
			runOnlyForDeploymentPostprocessing = 0;
		};
		EE767F19291A907100AFE6C0 /* Resources */ = {
			isa = PBXResourcesBuildPhase;
			buildActionMask = 2147483647;
			files = (
			);
			runOnlyForDeploymentPostprocessing = 0;
		};
/* End PBXResourcesBuildPhase section */

/* Begin PBXShellScriptBuildPhase section */
		EE767F2E291A914B00AFE6C0 /* ShellScript */ = {
			isa = PBXShellScriptBuildPhase;
			alwaysOutOfDate = 1;
			buildActionMask = 2147483647;
			files = (
			);
			inputFileListPaths = (
			);
			inputPaths = (
			);
			outputFileListPaths = (
			);
			outputPaths = (
			);
			runOnlyForDeploymentPostprocessing = 0;
			shellPath = /bin/sh;
			shellScript = "if which swiftlint >/dev/null; then\nswiftlint\nelse\necho \"warning: Swiftlint not installed, download from https://github.com/realm/SwiftLint\"\nfi\n";
		};
/* End PBXShellScriptBuildPhase section */

/* Begin PBXSourcesBuildPhase section */
		EE767EF7291A907000AFE6C0 /* Sources */ = {
			isa = PBXSourcesBuildPhase;
			buildActionMask = 2147483647;
			files = (
				356A708B292E450000AEC917 /* CalendarViewModel.swift in Sources */,
				356A7089292E432B00AEC917 /* CalendarViewController.swift in Sources */,
				EE767F03291A907000AFE6C0 /* ViewController.swift in Sources */,
				EE767EFF291A907000AFE6C0 /* AppDelegate.swift in Sources */,
				356A708E292E598800AEC917 /* ViewCoding.swift in Sources */,
				354597E6292BB8BC0018F868 /* CalendarView.swift in Sources */,
				EE767F01291A907000AFE6C0 /* SceneDelegate.swift in Sources */,
			);
			runOnlyForDeploymentPostprocessing = 0;
		};
		EE767F0D291A907100AFE6C0 /* Sources */ = {
			isa = PBXSourcesBuildPhase;
			buildActionMask = 2147483647;
			files = (
				EE767F16291A907100AFE6C0 /* MakeItGreatTests.swift in Sources */,
			);
			runOnlyForDeploymentPostprocessing = 0;
		};
		EE767F17291A907100AFE6C0 /* Sources */ = {
			isa = PBXSourcesBuildPhase;
			buildActionMask = 2147483647;
			files = (
				EE767F20291A907100AFE6C0 /* MakeItGreatUITests.swift in Sources */,
				EE767F22291A907100AFE6C0 /* MakeItGreatUITestsLaunchTests.swift in Sources */,
			);
			runOnlyForDeploymentPostprocessing = 0;
		};
/* End PBXSourcesBuildPhase section */

/* Begin PBXTargetDependency section */
		EE767F13291A907100AFE6C0 /* PBXTargetDependency */ = {
			isa = PBXTargetDependency;
			target = EE767EFA291A907000AFE6C0 /* MakeItGreat */;
			targetProxy = EE767F12291A907100AFE6C0 /* PBXContainerItemProxy */;
		};
		EE767F1D291A907100AFE6C0 /* PBXTargetDependency */ = {
			isa = PBXTargetDependency;
			target = EE767EFA291A907000AFE6C0 /* MakeItGreat */;
			targetProxy = EE767F1C291A907100AFE6C0 /* PBXContainerItemProxy */;
		};
/* End PBXTargetDependency section */

/* Begin PBXVariantGroup section */
		EE767F04291A907000AFE6C0 /* Main.storyboard */ = {
			isa = PBXVariantGroup;
			children = (
				EE767F05291A907000AFE6C0 /* Base */,
			);
			name = Main.storyboard;
			sourceTree = "<group>";
		};
/* End PBXVariantGroup section */

/* Begin XCBuildConfiguration section */
		EE767F23291A907100AFE6C0 /* Debug */ = {
			isa = XCBuildConfiguration;
			buildSettings = {
				ALWAYS_SEARCH_USER_PATHS = NO;
				CLANG_ANALYZER_NONNULL = YES;
				CLANG_ANALYZER_NUMBER_OBJECT_CONVERSION = YES_AGGRESSIVE;
				CLANG_CXX_LANGUAGE_STANDARD = "gnu++20";
				CLANG_ENABLE_MODULES = YES;
				CLANG_ENABLE_OBJC_ARC = YES;
				CLANG_ENABLE_OBJC_WEAK = YES;
				CLANG_WARN_BLOCK_CAPTURE_AUTORELEASING = YES;
				CLANG_WARN_BOOL_CONVERSION = YES;
				CLANG_WARN_COMMA = YES;
				CLANG_WARN_CONSTANT_CONVERSION = YES;
				CLANG_WARN_DEPRECATED_OBJC_IMPLEMENTATIONS = YES;
				CLANG_WARN_DIRECT_OBJC_ISA_USAGE = YES_ERROR;
				CLANG_WARN_DOCUMENTATION_COMMENTS = YES;
				CLANG_WARN_EMPTY_BODY = YES;
				CLANG_WARN_ENUM_CONVERSION = YES;
				CLANG_WARN_INFINITE_RECURSION = YES;
				CLANG_WARN_INT_CONVERSION = YES;
				CLANG_WARN_NON_LITERAL_NULL_CONVERSION = YES;
				CLANG_WARN_OBJC_IMPLICIT_RETAIN_SELF = YES;
				CLANG_WARN_OBJC_LITERAL_CONVERSION = YES;
				CLANG_WARN_OBJC_ROOT_CLASS = YES_ERROR;
				CLANG_WARN_QUOTED_INCLUDE_IN_FRAMEWORK_HEADER = YES;
				CLANG_WARN_RANGE_LOOP_ANALYSIS = YES;
				CLANG_WARN_STRICT_PROTOTYPES = YES;
				CLANG_WARN_SUSPICIOUS_MOVE = YES;
				CLANG_WARN_UNGUARDED_AVAILABILITY = YES_AGGRESSIVE;
				CLANG_WARN_UNREACHABLE_CODE = YES;
				CLANG_WARN__DUPLICATE_METHOD_MATCH = YES;
				COPY_PHASE_STRIP = NO;
				DEBUG_INFORMATION_FORMAT = dwarf;
				ENABLE_STRICT_OBJC_MSGSEND = YES;
				ENABLE_TESTABILITY = YES;
				GCC_C_LANGUAGE_STANDARD = gnu11;
				GCC_DYNAMIC_NO_PIC = NO;
				GCC_NO_COMMON_BLOCKS = YES;
				GCC_OPTIMIZATION_LEVEL = 0;
				GCC_PREPROCESSOR_DEFINITIONS = (
					"DEBUG=1",
					"$(inherited)",
				);
				GCC_WARN_64_TO_32_BIT_CONVERSION = YES;
				GCC_WARN_ABOUT_RETURN_TYPE = YES_ERROR;
				GCC_WARN_UNDECLARED_SELECTOR = YES;
				GCC_WARN_UNINITIALIZED_AUTOS = YES_AGGRESSIVE;
				GCC_WARN_UNUSED_FUNCTION = YES;
				GCC_WARN_UNUSED_VARIABLE = YES;
				IPHONEOS_DEPLOYMENT_TARGET = 16.0;
				MTL_ENABLE_DEBUG_INFO = INCLUDE_SOURCE;
				MTL_FAST_MATH = YES;
				ONLY_ACTIVE_ARCH = YES;
				SDKROOT = iphoneos;
				SWIFT_ACTIVE_COMPILATION_CONDITIONS = DEBUG;
				SWIFT_OPTIMIZATION_LEVEL = "-Onone";
			};
			name = Debug;
		};
		EE767F24291A907100AFE6C0 /* Release */ = {
			isa = XCBuildConfiguration;
			buildSettings = {
				ALWAYS_SEARCH_USER_PATHS = NO;
				CLANG_ANALYZER_NONNULL = YES;
				CLANG_ANALYZER_NUMBER_OBJECT_CONVERSION = YES_AGGRESSIVE;
				CLANG_CXX_LANGUAGE_STANDARD = "gnu++20";
				CLANG_ENABLE_MODULES = YES;
				CLANG_ENABLE_OBJC_ARC = YES;
				CLANG_ENABLE_OBJC_WEAK = YES;
				CLANG_WARN_BLOCK_CAPTURE_AUTORELEASING = YES;
				CLANG_WARN_BOOL_CONVERSION = YES;
				CLANG_WARN_COMMA = YES;
				CLANG_WARN_CONSTANT_CONVERSION = YES;
				CLANG_WARN_DEPRECATED_OBJC_IMPLEMENTATIONS = YES;
				CLANG_WARN_DIRECT_OBJC_ISA_USAGE = YES_ERROR;
				CLANG_WARN_DOCUMENTATION_COMMENTS = YES;
				CLANG_WARN_EMPTY_BODY = YES;
				CLANG_WARN_ENUM_CONVERSION = YES;
				CLANG_WARN_INFINITE_RECURSION = YES;
				CLANG_WARN_INT_CONVERSION = YES;
				CLANG_WARN_NON_LITERAL_NULL_CONVERSION = YES;
				CLANG_WARN_OBJC_IMPLICIT_RETAIN_SELF = YES;
				CLANG_WARN_OBJC_LITERAL_CONVERSION = YES;
				CLANG_WARN_OBJC_ROOT_CLASS = YES_ERROR;
				CLANG_WARN_QUOTED_INCLUDE_IN_FRAMEWORK_HEADER = YES;
				CLANG_WARN_RANGE_LOOP_ANALYSIS = YES;
				CLANG_WARN_STRICT_PROTOTYPES = YES;
				CLANG_WARN_SUSPICIOUS_MOVE = YES;
				CLANG_WARN_UNGUARDED_AVAILABILITY = YES_AGGRESSIVE;
				CLANG_WARN_UNREACHABLE_CODE = YES;
				CLANG_WARN__DUPLICATE_METHOD_MATCH = YES;
				COPY_PHASE_STRIP = NO;
				DEBUG_INFORMATION_FORMAT = "dwarf-with-dsym";
				ENABLE_NS_ASSERTIONS = NO;
				ENABLE_STRICT_OBJC_MSGSEND = YES;
				GCC_C_LANGUAGE_STANDARD = gnu11;
				GCC_NO_COMMON_BLOCKS = YES;
				GCC_WARN_64_TO_32_BIT_CONVERSION = YES;
				GCC_WARN_ABOUT_RETURN_TYPE = YES_ERROR;
				GCC_WARN_UNDECLARED_SELECTOR = YES;
				GCC_WARN_UNINITIALIZED_AUTOS = YES_AGGRESSIVE;
				GCC_WARN_UNUSED_FUNCTION = YES;
				GCC_WARN_UNUSED_VARIABLE = YES;
				IPHONEOS_DEPLOYMENT_TARGET = 16.0;
				MTL_ENABLE_DEBUG_INFO = NO;
				MTL_FAST_MATH = YES;
				SDKROOT = iphoneos;
				SWIFT_COMPILATION_MODE = wholemodule;
				SWIFT_OPTIMIZATION_LEVEL = "-O";
				VALIDATE_PRODUCT = YES;
			};
			name = Release;
		};
		EE767F26291A907100AFE6C0 /* Debug */ = {
			isa = XCBuildConfiguration;
			buildSettings = {
				ASSETCATALOG_COMPILER_APPICON_NAME = AppIcon;
				ASSETCATALOG_COMPILER_GLOBAL_ACCENT_COLOR_NAME = AccentColor;
				CODE_SIGN_STYLE = Automatic;
				CURRENT_PROJECT_VERSION = 1;
				DEVELOPMENT_TEAM = MXSWN6Q9F5;
				GENERATE_INFOPLIST_FILE = YES;
				INFOPLIST_FILE = MakeItGreat/Info.plist;
				INFOPLIST_KEY_UIApplicationSupportsIndirectInputEvents = YES;
				INFOPLIST_KEY_UIMainStoryboardFile = Main;
				INFOPLIST_KEY_UISupportedInterfaceOrientations_iPad = "UIInterfaceOrientationPortrait UIInterfaceOrientationPortraitUpsideDown UIInterfaceOrientationLandscapeLeft UIInterfaceOrientationLandscapeRight";
				INFOPLIST_KEY_UISupportedInterfaceOrientations_iPhone = "UIInterfaceOrientationPortrait UIInterfaceOrientationLandscapeLeft UIInterfaceOrientationLandscapeRight";
				LD_RUNPATH_SEARCH_PATHS = (
					"$(inherited)",
					"@executable_path/Frameworks",
				);
				MARKETING_VERSION = 1.0;
				PRODUCT_BUNDLE_IDENTIFIER = team01.MakeItGreat;
				PRODUCT_NAME = "$(TARGET_NAME)";
				SWIFT_EMIT_LOC_STRINGS = YES;
				SWIFT_VERSION = 5.0;
				TARGETED_DEVICE_FAMILY = "1,2";
			};
			name = Debug;
		};
		EE767F27291A907100AFE6C0 /* Release */ = {
			isa = XCBuildConfiguration;
			buildSettings = {
				ASSETCATALOG_COMPILER_APPICON_NAME = AppIcon;
				ASSETCATALOG_COMPILER_GLOBAL_ACCENT_COLOR_NAME = AccentColor;
				CODE_SIGN_STYLE = Automatic;
				CURRENT_PROJECT_VERSION = 1;
				DEVELOPMENT_TEAM = MXSWN6Q9F5;
				GENERATE_INFOPLIST_FILE = YES;
				INFOPLIST_FILE = MakeItGreat/Info.plist;
				INFOPLIST_KEY_UIApplicationSupportsIndirectInputEvents = YES;
				INFOPLIST_KEY_UIMainStoryboardFile = Main;
				INFOPLIST_KEY_UISupportedInterfaceOrientations_iPad = "UIInterfaceOrientationPortrait UIInterfaceOrientationPortraitUpsideDown UIInterfaceOrientationLandscapeLeft UIInterfaceOrientationLandscapeRight";
				INFOPLIST_KEY_UISupportedInterfaceOrientations_iPhone = "UIInterfaceOrientationPortrait UIInterfaceOrientationLandscapeLeft UIInterfaceOrientationLandscapeRight";
				LD_RUNPATH_SEARCH_PATHS = (
					"$(inherited)",
					"@executable_path/Frameworks",
				);
				MARKETING_VERSION = 1.0;
				PRODUCT_BUNDLE_IDENTIFIER = team01.MakeItGreat;
				PRODUCT_NAME = "$(TARGET_NAME)";
				SWIFT_EMIT_LOC_STRINGS = YES;
				SWIFT_VERSION = 5.0;
				TARGETED_DEVICE_FAMILY = "1,2";
			};
			name = Release;
		};
		EE767F29291A907100AFE6C0 /* Debug */ = {
			isa = XCBuildConfiguration;
			buildSettings = {
				ALWAYS_EMBED_SWIFT_STANDARD_LIBRARIES = YES;
				BUNDLE_LOADER = "$(TEST_HOST)";
				CODE_SIGN_STYLE = Automatic;
				CURRENT_PROJECT_VERSION = 1;
				DEVELOPMENT_TEAM = MXSWN6Q9F5;
				GENERATE_INFOPLIST_FILE = YES;
				IPHONEOS_DEPLOYMENT_TARGET = 16.0;
				MARKETING_VERSION = 1.0;
				PRODUCT_BUNDLE_IDENTIFIER = team01.MakeItGreatTests;
				PRODUCT_NAME = "$(TARGET_NAME)";
				SWIFT_EMIT_LOC_STRINGS = NO;
				SWIFT_VERSION = 5.0;
				TARGETED_DEVICE_FAMILY = "1,2";
				TEST_HOST = "$(BUILT_PRODUCTS_DIR)/MakeItGreat.app/$(BUNDLE_EXECUTABLE_FOLDER_PATH)/MakeItGreat";
			};
			name = Debug;
		};
		EE767F2A291A907100AFE6C0 /* Release */ = {
			isa = XCBuildConfiguration;
			buildSettings = {
				ALWAYS_EMBED_SWIFT_STANDARD_LIBRARIES = YES;
				BUNDLE_LOADER = "$(TEST_HOST)";
				CODE_SIGN_STYLE = Automatic;
				CURRENT_PROJECT_VERSION = 1;
				DEVELOPMENT_TEAM = MXSWN6Q9F5;
				GENERATE_INFOPLIST_FILE = YES;
				IPHONEOS_DEPLOYMENT_TARGET = 16.0;
				MARKETING_VERSION = 1.0;
				PRODUCT_BUNDLE_IDENTIFIER = team01.MakeItGreatTests;
				PRODUCT_NAME = "$(TARGET_NAME)";
				SWIFT_EMIT_LOC_STRINGS = NO;
				SWIFT_VERSION = 5.0;
				TARGETED_DEVICE_FAMILY = "1,2";
				TEST_HOST = "$(BUILT_PRODUCTS_DIR)/MakeItGreat.app/$(BUNDLE_EXECUTABLE_FOLDER_PATH)/MakeItGreat";
			};
			name = Release;
		};
		EE767F2C291A907100AFE6C0 /* Debug */ = {
			isa = XCBuildConfiguration;
			buildSettings = {
				ALWAYS_EMBED_SWIFT_STANDARD_LIBRARIES = YES;
				CODE_SIGN_STYLE = Automatic;
				CURRENT_PROJECT_VERSION = 1;
				DEVELOPMENT_TEAM = MXSWN6Q9F5;
				GENERATE_INFOPLIST_FILE = YES;
				MARKETING_VERSION = 1.0;
				PRODUCT_BUNDLE_IDENTIFIER = team01.MakeItGreatUITests;
				PRODUCT_NAME = "$(TARGET_NAME)";
				SWIFT_EMIT_LOC_STRINGS = NO;
				SWIFT_VERSION = 5.0;
				TARGETED_DEVICE_FAMILY = "1,2";
				TEST_TARGET_NAME = MakeItGreat;
			};
			name = Debug;
		};
		EE767F2D291A907100AFE6C0 /* Release */ = {
			isa = XCBuildConfiguration;
			buildSettings = {
				ALWAYS_EMBED_SWIFT_STANDARD_LIBRARIES = YES;
				CODE_SIGN_STYLE = Automatic;
				CURRENT_PROJECT_VERSION = 1;
				DEVELOPMENT_TEAM = MXSWN6Q9F5;
				GENERATE_INFOPLIST_FILE = YES;
				MARKETING_VERSION = 1.0;
				PRODUCT_BUNDLE_IDENTIFIER = team01.MakeItGreatUITests;
				PRODUCT_NAME = "$(TARGET_NAME)";
				SWIFT_EMIT_LOC_STRINGS = NO;
				SWIFT_VERSION = 5.0;
				TARGETED_DEVICE_FAMILY = "1,2";
				TEST_TARGET_NAME = MakeItGreat;
			};
			name = Release;
		};
/* End XCBuildConfiguration section */

/* Begin XCConfigurationList section */
		EE767EF6291A907000AFE6C0 /* Build configuration list for PBXProject "MakeItGreat" */ = {
			isa = XCConfigurationList;
			buildConfigurations = (
				EE767F23291A907100AFE6C0 /* Debug */,
				EE767F24291A907100AFE6C0 /* Release */,
			);
			defaultConfigurationIsVisible = 0;
			defaultConfigurationName = Release;
		};
		EE767F25291A907100AFE6C0 /* Build configuration list for PBXNativeTarget "MakeItGreat" */ = {
			isa = XCConfigurationList;
			buildConfigurations = (
				EE767F26291A907100AFE6C0 /* Debug */,
				EE767F27291A907100AFE6C0 /* Release */,
			);
			defaultConfigurationIsVisible = 0;
			defaultConfigurationName = Release;
		};
		EE767F28291A907100AFE6C0 /* Build configuration list for PBXNativeTarget "MakeItGreatTests" */ = {
			isa = XCConfigurationList;
			buildConfigurations = (
				EE767F29291A907100AFE6C0 /* Debug */,
				EE767F2A291A907100AFE6C0 /* Release */,
			);
			defaultConfigurationIsVisible = 0;
			defaultConfigurationName = Release;
		};
		EE767F2B291A907100AFE6C0 /* Build configuration list for PBXNativeTarget "MakeItGreatUITests" */ = {
			isa = XCConfigurationList;
			buildConfigurations = (
				EE767F2C291A907100AFE6C0 /* Debug */,
				EE767F2D291A907100AFE6C0 /* Release */,
			);
			defaultConfigurationIsVisible = 0;
			defaultConfigurationName = Release;
		};
/* End XCConfigurationList section */
	};
	rootObject = EE767EF3291A907000AFE6C0 /* Project object */;
}
